// !$*UTF8*$!
{
	archiveVersion = 1;
	classes = {
	};
	objectVersion = 56;
	objects = {

/* Begin PBXBuildFile section */
		E348FAAF29BF47A400FFF107 /* pbchApp.swift in Sources */ = {isa = PBXBuildFile; fileRef = E348FAAE29BF47A400FFF107 /* pbchApp.swift */; };
		E348FAB129BF47A400FFF107 /* ContentView.swift in Sources */ = {isa = PBXBuildFile; fileRef = E348FAB029BF47A400FFF107 /* ContentView.swift */; };
		E348FAB329BF47A600FFF107 /* Assets.xcassets in Resources */ = {isa = PBXBuildFile; fileRef = E348FAB229BF47A600FFF107 /* Assets.xcassets */; };
		E348FAB629BF47A600FFF107 /* Preview Assets.xcassets in Resources */ = {isa = PBXBuildFile; fileRef = E348FAB529BF47A600FFF107 /* Preview Assets.xcassets */; };
		E348FABD29BF4A8F00FFF107 /* TabbarView.swift in Sources */ = {isa = PBXBuildFile; fileRef = E348FABC29BF4A8F00FFF107 /* TabbarView.swift */; };
		E348FABF29BF4AA300FFF107 /* LoginView.swift in Sources */ = {isa = PBXBuildFile; fileRef = E348FABE29BF4AA300FFF107 /* LoginView.swift */; };
		E348FAC129BF4AB700FFF107 /* Find_UserData.swift in Sources */ = {isa = PBXBuildFile; fileRef = E348FAC029BF4AB700FFF107 /* Find_UserData.swift */; };
		E348FAC329BF4ACC00FFF107 /* SignUp.swift in Sources */ = {isa = PBXBuildFile; fileRef = E348FAC229BF4ACC00FFF107 /* SignUp.swift */; };
		E348FAC529BF4AE100FFF107 /* EvaluationView.swift in Sources */ = {isa = PBXBuildFile; fileRef = E348FAC429BF4AE100FFF107 /* EvaluationView.swift */; };
		E348FAC729BF4AF300FFF107 /* CustomDropdownMenu.swift in Sources */ = {isa = PBXBuildFile; fileRef = E348FAC629BF4AF300FFF107 /* CustomDropdownMenu.swift */; };
		E348FAC929BF4B0B00FFF107 /* extensionPalette.swift in Sources */ = {isa = PBXBuildFile; fileRef = E348FAC829BF4B0B00FFF107 /* extensionPalette.swift */; };
		E348FACB29BF4B2000FFF107 /* CurriculumView.swift in Sources */ = {isa = PBXBuildFile; fileRef = E348FACA29BF4B2000FFF107 /* CurriculumView.swift */; };
		E348FACD29BF4B3400FFF107 /* CurriculumSWView.swift in Sources */ = {isa = PBXBuildFile; fileRef = E348FACC29BF4B3400FFF107 /* CurriculumSWView.swift */; };
		E348FACF29BF4B4900FFF107 /* CurriculumJavaView.swift in Sources */ = {isa = PBXBuildFile; fileRef = E348FACE29BF4B4900FFF107 /* CurriculumJavaView.swift */; };
		E348FAD129BF4B5C00FFF107 /* warningAlertView.swift in Sources */ = {isa = PBXBuildFile; fileRef = E348FAD029BF4B5C00FFF107 /* warningAlertView.swift */; };
		E348FAD329BF4B6C00FFF107 /* MainView.swift in Sources */ = {isa = PBXBuildFile; fileRef = E348FAD229BF4B6C00FFF107 /* MainView.swift */; };
		E348FAD529BF4B7A00FFF107 /* RootView.swift in Sources */ = {isa = PBXBuildFile; fileRef = E348FAD429BF4B7A00FFF107 /* RootView.swift */; };
		E348FAD729BF4BAB00FFF107 /* SettingView.swift in Sources */ = {isa = PBXBuildFile; fileRef = E348FAD629BF4BAB00FFF107 /* SettingView.swift */; };
		E348FAD929BF4BCB00FFF107 /* authView.swift in Sources */ = {isa = PBXBuildFile; fileRef = E348FAD829BF4BCB00FFF107 /* authView.swift */; };
		E348FADB29BF4BDB00FFF107 /* editProfileView.swift in Sources */ = {isa = PBXBuildFile; fileRef = E348FADA29BF4BDB00FFF107 /* editProfileView.swift */; };
		E348FADD29BF4BF100FFF107 /* setalarmView.swift in Sources */ = {isa = PBXBuildFile; fileRef = E348FADC29BF4BF100FFF107 /* setalarmView.swift */; };
		E348FADF29BF4C0000FFF107 /* setModeView.swift in Sources */ = {isa = PBXBuildFile; fileRef = E348FADE29BF4C0000FFF107 /* setModeView.swift */; };
		E348FAE129BF4C1200FFF107 /* communityRuleView.swift in Sources */ = {isa = PBXBuildFile; fileRef = E348FAE029BF4C1200FFF107 /* communityRuleView.swift */; };
		E348FAE329BF4C1D00FFF107 /* quitAccountView.swift in Sources */ = {isa = PBXBuildFile; fileRef = E348FAE229BF4C1D00FFF107 /* quitAccountView.swift */; };
/* End PBXBuildFile section */

/* Begin PBXFileReference section */
		E348FAAB29BF47A400FFF107 /* pbch.app */ = {isa = PBXFileReference; explicitFileType = wrapper.application; includeInIndex = 0; path = pbch.app; sourceTree = BUILT_PRODUCTS_DIR; };
		E348FAAE29BF47A400FFF107 /* pbchApp.swift */ = {isa = PBXFileReference; lastKnownFileType = sourcecode.swift; path = pbchApp.swift; sourceTree = "<group>"; };
		E348FAB029BF47A400FFF107 /* ContentView.swift */ = {isa = PBXFileReference; lastKnownFileType = sourcecode.swift; path = ContentView.swift; sourceTree = "<group>"; };
		E348FAB229BF47A600FFF107 /* Assets.xcassets */ = {isa = PBXFileReference; lastKnownFileType = folder.assetcatalog; path = Assets.xcassets; sourceTree = "<group>"; };
		E348FAB529BF47A600FFF107 /* Preview Assets.xcassets */ = {isa = PBXFileReference; lastKnownFileType = folder.assetcatalog; path = "Preview Assets.xcassets"; sourceTree = "<group>"; };
		E348FABC29BF4A8F00FFF107 /* TabbarView.swift */ = {isa = PBXFileReference; lastKnownFileType = sourcecode.swift; path = TabbarView.swift; sourceTree = "<group>"; };
		E348FABE29BF4AA300FFF107 /* LoginView.swift */ = {isa = PBXFileReference; lastKnownFileType = sourcecode.swift; path = LoginView.swift; sourceTree = "<group>"; };
		E348FAC029BF4AB700FFF107 /* Find_UserData.swift */ = {isa = PBXFileReference; lastKnownFileType = sourcecode.swift; path = Find_UserData.swift; sourceTree = "<group>"; };
		E348FAC229BF4ACC00FFF107 /* SignUp.swift */ = {isa = PBXFileReference; lastKnownFileType = sourcecode.swift; path = SignUp.swift; sourceTree = "<group>"; };
		E348FAC429BF4AE100FFF107 /* EvaluationView.swift */ = {isa = PBXFileReference; lastKnownFileType = sourcecode.swift; path = EvaluationView.swift; sourceTree = "<group>"; };
		E348FAC629BF4AF300FFF107 /* CustomDropdownMenu.swift */ = {isa = PBXFileReference; lastKnownFileType = sourcecode.swift; path = CustomDropdownMenu.swift; sourceTree = "<group>"; };
		E348FAC829BF4B0B00FFF107 /* extensionPalette.swift */ = {isa = PBXFileReference; lastKnownFileType = sourcecode.swift; path = extensionPalette.swift; sourceTree = "<group>"; };
		E348FACA29BF4B2000FFF107 /* CurriculumView.swift */ = {isa = PBXFileReference; lastKnownFileType = sourcecode.swift; path = CurriculumView.swift; sourceTree = "<group>"; };
		E348FACC29BF4B3400FFF107 /* CurriculumSWView.swift */ = {isa = PBXFileReference; lastKnownFileType = sourcecode.swift; path = CurriculumSWView.swift; sourceTree = "<group>"; };
		E348FACE29BF4B4900FFF107 /* CurriculumJavaView.swift */ = {isa = PBXFileReference; lastKnownFileType = sourcecode.swift; path = CurriculumJavaView.swift; sourceTree = "<group>"; };
		E348FAD029BF4B5C00FFF107 /* warningAlertView.swift */ = {isa = PBXFileReference; lastKnownFileType = sourcecode.swift; path = warningAlertView.swift; sourceTree = "<group>"; };
		E348FAD229BF4B6C00FFF107 /* MainView.swift */ = {isa = PBXFileReference; lastKnownFileType = sourcecode.swift; path = MainView.swift; sourceTree = "<group>"; };
		E348FAD429BF4B7A00FFF107 /* RootView.swift */ = {isa = PBXFileReference; lastKnownFileType = sourcecode.swift; path = RootView.swift; sourceTree = "<group>"; };
		E348FAD629BF4BAB00FFF107 /* SettingView.swift */ = {isa = PBXFileReference; lastKnownFileType = sourcecode.swift; path = SettingView.swift; sourceTree = "<group>"; };
		E348FAD829BF4BCB00FFF107 /* authView.swift */ = {isa = PBXFileReference; lastKnownFileType = sourcecode.swift; path = authView.swift; sourceTree = "<group>"; };
		E348FADA29BF4BDB00FFF107 /* editProfileView.swift */ = {isa = PBXFileReference; lastKnownFileType = sourcecode.swift; path = editProfileView.swift; sourceTree = "<group>"; };
		E348FADC29BF4BF100FFF107 /* setalarmView.swift */ = {isa = PBXFileReference; lastKnownFileType = sourcecode.swift; path = setalarmView.swift; sourceTree = "<group>"; };
		E348FADE29BF4C0000FFF107 /* setModeView.swift */ = {isa = PBXFileReference; lastKnownFileType = sourcecode.swift; path = setModeView.swift; sourceTree = "<group>"; };
		E348FAE029BF4C1200FFF107 /* communityRuleView.swift */ = {isa = PBXFileReference; lastKnownFileType = sourcecode.swift; path = communityRuleView.swift; sourceTree = "<group>"; };
		E348FAE229BF4C1D00FFF107 /* quitAccountView.swift */ = {isa = PBXFileReference; lastKnownFileType = sourcecode.swift; path = quitAccountView.swift; sourceTree = "<group>"; };
/* End PBXFileReference section */

/* Begin PBXFrameworksBuildPhase section */
		E348FAA829BF47A400FFF107 /* Frameworks */ = {
			isa = PBXFrameworksBuildPhase;
			buildActionMask = 2147483647;
			files = (
			);
			runOnlyForDeploymentPostprocessing = 0;
		};
/* End PBXFrameworksBuildPhase section */

/* Begin PBXGroup section */
		E348FAA229BF47A400FFF107 = {
			isa = PBXGroup;
			children = (
				E348FAAD29BF47A400FFF107 /* pbch */,
				E348FAAC29BF47A400FFF107 /* Products */,
			);
			sourceTree = "<group>";
		};
		E348FAAC29BF47A400FFF107 /* Products */ = {
			isa = PBXGroup;
			children = (
				E348FAAB29BF47A400FFF107 /* pbch.app */,
			);
			name = Products;
			sourceTree = "<group>";
		};
		E348FAAD29BF47A400FFF107 /* pbch */ = {
			isa = PBXGroup;
			children = (
				E348FAAE29BF47A400FFF107 /* pbchApp.swift */,
				E348FAB029BF47A400FFF107 /* ContentView.swift */,
				E348FABC29BF4A8F00FFF107 /* TabbarView.swift */,
				E348FABE29BF4AA300FFF107 /* LoginView.swift */,
				E348FAC029BF4AB700FFF107 /* Find_UserData.swift */,
				E348FAC229BF4ACC00FFF107 /* SignUp.swift */,
				E348FAC429BF4AE100FFF107 /* EvaluationView.swift */,
				E348FAC629BF4AF300FFF107 /* CustomDropdownMenu.swift */,
				E348FAC829BF4B0B00FFF107 /* extensionPalette.swift */,
				E348FACA29BF4B2000FFF107 /* CurriculumView.swift */,
				E348FACC29BF4B3400FFF107 /* CurriculumSWView.swift */,
				E348FACE29BF4B4900FFF107 /* CurriculumJavaView.swift */,
				E348FAD029BF4B5C00FFF107 /* warningAlertView.swift */,
				E348FAD229BF4B6C00FFF107 /* MainView.swift */,
				E348FAD429BF4B7A00FFF107 /* RootView.swift */,
				E348FAD629BF4BAB00FFF107 /* SettingView.swift */,
				E348FAD829BF4BCB00FFF107 /* authView.swift */,
				E348FADA29BF4BDB00FFF107 /* editProfileView.swift */,
				E348FADC29BF4BF100FFF107 /* setalarmView.swift */,
				E348FADE29BF4C0000FFF107 /* setModeView.swift */,
				E348FAE029BF4C1200FFF107 /* communityRuleView.swift */,
				E348FAE229BF4C1D00FFF107 /* quitAccountView.swift */,
				E348FAB229BF47A600FFF107 /* Assets.xcassets */,
				E348FAB429BF47A600FFF107 /* Preview Content */,
			);
			path = pbch;
			sourceTree = "<group>";
		};
		E348FAB429BF47A600FFF107 /* Preview Content */ = {
			isa = PBXGroup;
			children = (
				E348FAB529BF47A600FFF107 /* Preview Assets.xcassets */,
			);
			path = "Preview Content";
			sourceTree = "<group>";
		};
/* End PBXGroup section */

/* Begin PBXNativeTarget section */
		E348FAAA29BF47A400FFF107 /* pbch */ = {
			isa = PBXNativeTarget;
			buildConfigurationList = E348FAB929BF47A600FFF107 /* Build configuration list for PBXNativeTarget "pbch" */;
			buildPhases = (
				E348FAA729BF47A400FFF107 /* Sources */,
				E348FAA829BF47A400FFF107 /* Frameworks */,
				E348FAA929BF47A400FFF107 /* Resources */,
			);
			buildRules = (
			);
			dependencies = (
			);
			name = pbch;
			productName = pbch;
			productReference = E348FAAB29BF47A400FFF107 /* pbch.app */;
			productType = "com.apple.product-type.application";
		};
/* End PBXNativeTarget section */

/* Begin PBXProject section */
		E348FAA329BF47A400FFF107 /* Project object */ = {
			isa = PBXProject;
			attributes = {
				BuildIndependentTargetsInParallel = 1;
				LastSwiftUpdateCheck = 1420;
				LastUpgradeCheck = 1420;
				TargetAttributes = {
					E348FAAA29BF47A400FFF107 = {
						CreatedOnToolsVersion = 14.2;
					};
				};
			};
			buildConfigurationList = E348FAA629BF47A400FFF107 /* Build configuration list for PBXProject "pbch" */;
			compatibilityVersion = "Xcode 14.0";
			developmentRegion = en;
			hasScannedForEncodings = 0;
			knownRegions = (
				en,
				Base,
			);
			mainGroup = E348FAA229BF47A400FFF107;
			productRefGroup = E348FAAC29BF47A400FFF107 /* Products */;
			projectDirPath = "";
			projectRoot = "";
			targets = (
				E348FAAA29BF47A400FFF107 /* pbch */,
			);
		};
/* End PBXProject section */

/* Begin PBXResourcesBuildPhase section */
		E348FAA929BF47A400FFF107 /* Resources */ = {
			isa = PBXResourcesBuildPhase;
			buildActionMask = 2147483647;
			files = (
				E348FAB629BF47A600FFF107 /* Preview Assets.xcassets in Resources */,
				E348FAB329BF47A600FFF107 /* Assets.xcassets in Resources */,
			);
			runOnlyForDeploymentPostprocessing = 0;
		};
/* End PBXResourcesBuildPhase section */

/* Begin PBXSourcesBuildPhase section */
		E348FAA729BF47A400FFF107 /* Sources */ = {
			isa = PBXSourcesBuildPhase;
			buildActionMask = 2147483647;
			files = (
				E348FADB29BF4BDB00FFF107 /* editProfileView.swift in Sources */,
				E348FAC729BF4AF300FFF107 /* CustomDropdownMenu.swift in Sources */,
				E348FAD329BF4B6C00FFF107 /* MainView.swift in Sources */,
				E348FAC929BF4B0B00FFF107 /* extensionPalette.swift in Sources */,
				E348FAC129BF4AB700FFF107 /* Find_UserData.swift in Sources */,
				E348FACB29BF4B2000FFF107 /* CurriculumView.swift in Sources */,
				E348FAD729BF4BAB00FFF107 /* SettingView.swift in Sources */,
				E348FAC329BF4ACC00FFF107 /* SignUp.swift in Sources */,
				E348FAD129BF4B5C00FFF107 /* warningAlertView.swift in Sources */,
				E348FAD929BF4BCB00FFF107 /* authView.swift in Sources */,
				E348FABD29BF4A8F00FFF107 /* TabbarView.swift in Sources */,
				E348FAB129BF47A400FFF107 /* ContentView.swift in Sources */,
				E348FADF29BF4C0000FFF107 /* setModeView.swift in Sources */,
				E348FACF29BF4B4900FFF107 /* CurriculumJavaView.swift in Sources */,
				E348FAE129BF4C1200FFF107 /* communityRuleView.swift in Sources */,
				E348FABF29BF4AA300FFF107 /* LoginView.swift in Sources */,
				E348FAAF29BF47A400FFF107 /* pbchApp.swift in Sources */,
				E348FAE329BF4C1D00FFF107 /* quitAccountView.swift in Sources */,
				E348FACD29BF4B3400FFF107 /* CurriculumSWView.swift in Sources */,
				E348FAC529BF4AE100FFF107 /* EvaluationView.swift in Sources */,
				E348FAD529BF4B7A00FFF107 /* RootView.swift in Sources */,
				E348FADD29BF4BF100FFF107 /* setalarmView.swift in Sources */,
			);
			runOnlyForDeploymentPostprocessing = 0;
		};
/* End PBXSourcesBuildPhase section */

/* Begin XCBuildConfiguration section */
		E348FAB729BF47A600FFF107 /* Debug */ = {
			isa = XCBuildConfiguration;
			buildSettings = {
				ALWAYS_SEARCH_USER_PATHS = NO;
				CLANG_ANALYZER_NONNULL = YES;
				CLANG_ANALYZER_NUMBER_OBJECT_CONVERSION = YES_AGGRESSIVE;
				CLANG_CXX_LANGUAGE_STANDARD = "gnu++20";
				CLANG_ENABLE_MODULES = YES;
				CLANG_ENABLE_OBJC_ARC = YES;
				CLANG_ENABLE_OBJC_WEAK = YES;
				CLANG_WARN_BLOCK_CAPTURE_AUTORELEASING = YES;
				CLANG_WARN_BOOL_CONVERSION = YES;
				CLANG_WARN_COMMA = YES;
				CLANG_WARN_CONSTANT_CONVERSION = YES;
				CLANG_WARN_DEPRECATED_OBJC_IMPLEMENTATIONS = YES;
				CLANG_WARN_DIRECT_OBJC_ISA_USAGE = YES_ERROR;
				CLANG_WARN_DOCUMENTATION_COMMENTS = YES;
				CLANG_WARN_EMPTY_BODY = YES;
				CLANG_WARN_ENUM_CONVERSION = YES;
				CLANG_WARN_INFINITE_RECURSION = YES;
				CLANG_WARN_INT_CONVERSION = YES;
				CLANG_WARN_NON_LITERAL_NULL_CONVERSION = YES;
				CLANG_WARN_OBJC_IMPLICIT_RETAIN_SELF = YES;
				CLANG_WARN_OBJC_LITERAL_CONVERSION = YES;
				CLANG_WARN_OBJC_ROOT_CLASS = YES_ERROR;
				CLANG_WARN_QUOTED_INCLUDE_IN_FRAMEWORK_HEADER = YES;
				CLANG_WARN_RANGE_LOOP_ANALYSIS = YES;
				CLANG_WARN_STRICT_PROTOTYPES = YES;
				CLANG_WARN_SUSPICIOUS_MOVE = YES;
				CLANG_WARN_UNGUARDED_AVAILABILITY = YES_AGGRESSIVE;
				CLANG_WARN_UNREACHABLE_CODE = YES;
				CLANG_WARN__DUPLICATE_METHOD_MATCH = YES;
				COPY_PHASE_STRIP = NO;
				DEBUG_INFORMATION_FORMAT = dwarf;
				ENABLE_STRICT_OBJC_MSGSEND = YES;
				ENABLE_TESTABILITY = YES;
				GCC_C_LANGUAGE_STANDARD = gnu11;
				GCC_DYNAMIC_NO_PIC = NO;
				GCC_NO_COMMON_BLOCKS = YES;
				GCC_OPTIMIZATION_LEVEL = 0;
				GCC_PREPROCESSOR_DEFINITIONS = (
					"DEBUG=1",
					"$(inherited)",
				);
				GCC_WARN_64_TO_32_BIT_CONVERSION = YES;
				GCC_WARN_ABOUT_RETURN_TYPE = YES_ERROR;
				GCC_WARN_UNDECLARED_SELECTOR = YES;
				GCC_WARN_UNINITIALIZED_AUTOS = YES_AGGRESSIVE;
				GCC_WARN_UNUSED_FUNCTION = YES;
				GCC_WARN_UNUSED_VARIABLE = YES;
				IPHONEOS_DEPLOYMENT_TARGET = 16.2;
				MTL_ENABLE_DEBUG_INFO = INCLUDE_SOURCE;
				MTL_FAST_MATH = YES;
				ONLY_ACTIVE_ARCH = YES;
				SDKROOT = iphoneos;
				SWIFT_ACTIVE_COMPILATION_CONDITIONS = DEBUG;
				SWIFT_OPTIMIZATION_LEVEL = "-Onone";
			};
			name = Debug;
		};
		E348FAB829BF47A600FFF107 /* Release */ = {
			isa = XCBuildConfiguration;
			buildSettings = {
				ALWAYS_SEARCH_USER_PATHS = NO;
				CLANG_ANALYZER_NONNULL = YES;
				CLANG_ANALYZER_NUMBER_OBJECT_CONVERSION = YES_AGGRESSIVE;
				CLANG_CXX_LANGUAGE_STANDARD = "gnu++20";
				CLANG_ENABLE_MODULES = YES;
				CLANG_ENABLE_OBJC_ARC = YES;
				CLANG_ENABLE_OBJC_WEAK = YES;
				CLANG_WARN_BLOCK_CAPTURE_AUTORELEASING = YES;
				CLANG_WARN_BOOL_CONVERSION = YES;
				CLANG_WARN_COMMA = YES;
				CLANG_WARN_CONSTANT_CONVERSION = YES;
				CLANG_WARN_DEPRECATED_OBJC_IMPLEMENTATIONS = YES;
				CLANG_WARN_DIRECT_OBJC_ISA_USAGE = YES_ERROR;
				CLANG_WARN_DOCUMENTATION_COMMENTS = YES;
				CLANG_WARN_EMPTY_BODY = YES;
				CLANG_WARN_ENUM_CONVERSION = YES;
				CLANG_WARN_INFINITE_RECURSION = YES;
				CLANG_WARN_INT_CONVERSION = YES;
				CLANG_WARN_NON_LITERAL_NULL_CONVERSION = YES;
				CLANG_WARN_OBJC_IMPLICIT_RETAIN_SELF = YES;
				CLANG_WARN_OBJC_LITERAL_CONVERSION = YES;
				CLANG_WARN_OBJC_ROOT_CLASS = YES_ERROR;
				CLANG_WARN_QUOTED_INCLUDE_IN_FRAMEWORK_HEADER = YES;
				CLANG_WARN_RANGE_LOOP_ANALYSIS = YES;
				CLANG_WARN_STRICT_PROTOTYPES = YES;
				CLANG_WARN_SUSPICIOUS_MOVE = YES;
				CLANG_WARN_UNGUARDED_AVAILABILITY = YES_AGGRESSIVE;
				CLANG_WARN_UNREACHABLE_CODE = YES;
				CLANG_WARN__DUPLICATE_METHOD_MATCH = YES;
				COPY_PHASE_STRIP = NO;
				DEBUG_INFORMATION_FORMAT = "dwarf-with-dsym";
				ENABLE_NS_ASSERTIONS = NO;
				ENABLE_STRICT_OBJC_MSGSEND = YES;
				GCC_C_LANGUAGE_STANDARD = gnu11;
				GCC_NO_COMMON_BLOCKS = YES;
				GCC_WARN_64_TO_32_BIT_CONVERSION = YES;
				GCC_WARN_ABOUT_RETURN_TYPE = YES_ERROR;
				GCC_WARN_UNDECLARED_SELECTOR = YES;
				GCC_WARN_UNINITIALIZED_AUTOS = YES_AGGRESSIVE;
				GCC_WARN_UNUSED_FUNCTION = YES;
				GCC_WARN_UNUSED_VARIABLE = YES;
				IPHONEOS_DEPLOYMENT_TARGET = 16.2;
				MTL_ENABLE_DEBUG_INFO = NO;
				MTL_FAST_MATH = YES;
				SDKROOT = iphoneos;
				SWIFT_COMPILATION_MODE = wholemodule;
				SWIFT_OPTIMIZATION_LEVEL = "-O";
				VALIDATE_PRODUCT = YES;
			};
			name = Release;
		};
		E348FABA29BF47A600FFF107 /* Debug */ = {
			isa = XCBuildConfiguration;
			buildSettings = {
				ASSETCATALOG_COMPILER_APPICON_NAME = AppIcon;
				ASSETCATALOG_COMPILER_GLOBAL_ACCENT_COLOR_NAME = AccentColor;
				CODE_SIGN_STYLE = Automatic;
				CURRENT_PROJECT_VERSION = 1;
				DEVELOPMENT_ASSET_PATHS = "\"pbch/Preview Content\"";
				DEVELOPMENT_TEAM = H56A9FGR8T;
				ENABLE_PREVIEWS = YES;
				GENERATE_INFOPLIST_FILE = YES;
				INFOPLIST_KEY_UIApplicationSceneManifest_Generation = YES;
				INFOPLIST_KEY_UIApplicationSupportsIndirectInputEvents = YES;
				INFOPLIST_KEY_UILaunchScreen_Generation = YES;
				INFOPLIST_KEY_UISupportedInterfaceOrientations_iPad = "UIInterfaceOrientationPortrait UIInterfaceOrientationPortraitUpsideDown UIInterfaceOrientationLandscapeLeft UIInterfaceOrientationLandscapeRight";
				INFOPLIST_KEY_UISupportedInterfaceOrientations_iPhone = "UIInterfaceOrientationPortrait UIInterfaceOrientationLandscapeLeft UIInterfaceOrientationLandscapeRight";
				LD_RUNPATH_SEARCH_PATHS = (
					"$(inherited)",
					"@executable_path/Frameworks",
				);
				MARKETING_VERSION = 1.0;
				PRODUCT_BUNDLE_IDENTIFIER = Example.pbch;
				PRODUCT_NAME = "$(TARGET_NAME)";
				SWIFT_EMIT_LOC_STRINGS = YES;
				SWIFT_VERSION = 5.0;
				TARGETED_DEVICE_FAMILY = "1,2";
			};
			name = Debug;
		};
		E348FABB29BF47A600FFF107 /* Release */ = {
			isa = XCBuildConfiguration;
			buildSettings = {
				ASSETCATALOG_COMPILER_APPICON_NAME = AppIcon;
				ASSETCATALOG_COMPILER_GLOBAL_ACCENT_COLOR_NAME = AccentColor;
				CODE_SIGN_STYLE = Automatic;
				CURRENT_PROJECT_VERSION = 1;
				DEVELOPMENT_ASSET_PATHS = "\"pbch/Preview Content\"";
				DEVELOPMENT_TEAM = H56A9FGR8T;
				ENABLE_PREVIEWS = YES;
				GENERATE_INFOPLIST_FILE = YES;
				INFOPLIST_KEY_UIApplicationSceneManifest_Generation = YES;
				INFOPLIST_KEY_UIApplicationSupportsIndirectInputEvents = YES;
				INFOPLIST_KEY_UILaunchScreen_Generation = YES;
				INFOPLIST_KEY_UISupportedInterfaceOrientations_iPad = "UIInterfaceOrientationPortrait UIInterfaceOrientationPortraitUpsideDown UIInterfaceOrientationLandscapeLeft UIInterfaceOrientationLandscapeRight";
				INFOPLIST_KEY_UISupportedInterfaceOrientations_iPhone = "UIInterfaceOrientationPortrait UIInterfaceOrientationLandscapeLeft UIInterfaceOrientationLandscapeRight";
				LD_RUNPATH_SEARCH_PATHS = (
					"$(inherited)",
					"@executable_path/Frameworks",
				);
				MARKETING_VERSION = 1.0;
				PRODUCT_BUNDLE_IDENTIFIER = Example.pbch;
				PRODUCT_NAME = "$(TARGET_NAME)";
				SWIFT_EMIT_LOC_STRINGS = YES;
				SWIFT_VERSION = 5.0;
				TARGETED_DEVICE_FAMILY = "1,2";
			};
			name = Release;
		};
/* End XCBuildConfiguration section */

/* Begin XCConfigurationList section */
		E348FAA629BF47A400FFF107 /* Build configuration list for PBXProject "pbch" */ = {
			isa = XCConfigurationList;
			buildConfigurations = (
				E348FAB729BF47A600FFF107 /* Debug */,
				E348FAB829BF47A600FFF107 /* Release */,
			);
			defaultConfigurationIsVisible = 0;
			defaultConfigurationName = Release;
		};
		E348FAB929BF47A600FFF107 /* Build configuration list for PBXNativeTarget "pbch" */ = {
			isa = XCConfigurationList;
			buildConfigurations = (
				E348FABA29BF47A600FFF107 /* Debug */,
				E348FABB29BF47A600FFF107 /* Release */,
			);
			defaultConfigurationIsVisible = 0;
			defaultConfigurationName = Release;
		};
/* End XCConfigurationList section */
	};
	rootObject = E348FAA329BF47A400FFF107 /* Project object */;
}
